
Microsoft Visual Studio Solution File, Format Version 12.00
# Visual Studio 15
VisualStudioVersion = 15.0.27703.2047
MinimumVisualStudioVersion = 10.0.40219.1
Project("{9A19103F-16F7-4668-BE54-9A1E7A4F7556}") = "ATaleOfTwoStacks", "hackerRankProject\ATaleOfTwoStacks.csproj", "{C71FF96E-EA57-4314-9112-52C040A2DC89}"
EndProject
Project("{FAE04EC0-301F-11D3-BF4B-00C04F79EFBC}") = "LargestRectangle", "LargestRectangle\LargestRectangle.csproj", "{CE28D999-B1D8-4312-9291-654C1C66B268}"
EndProject
Project("{FAE04EC0-301F-11D3-BF4B-00C04F79EFBC}") = "PoisonousPlants", "PoisonousPlants\PoisonousPlants.csproj", "{571354D6-1A93-4B63-9C89-25E6E9734963}"
EndProject
Global
	GlobalSection(SolutionConfigurationPlatforms) = preSolution
		Debug|Any CPU = Debug|Any CPU
		Release|Any CPU = Release|Any CPU
	EndGlobalSection
	GlobalSection(ProjectConfigurationPlatforms) = postSolution
		{C71FF96E-EA57-4314-9112-52C040A2DC89}.Debug|Any CPU.ActiveCfg = Debug|Any CPU
		{C71FF96E-EA57-4314-9112-52C040A2DC89}.Debug|Any CPU.Build.0 = Debug|Any CPU
		{C71FF96E-EA57-4314-9112-52C040A2DC89}.Release|Any CPU.ActiveCfg = Release|Any CPU
		{C71FF96E-EA57-4314-9112-52C040A2DC89}.Release|Any CPU.Build.0 = Release|Any CPU
		{CE28D999-B1D8-4312-9291-654C1C66B268}.Debug|Any CPU.ActiveCfg = Debug|Any CPU
		{CE28D999-B1D8-4312-9291-654C1C66B268}.Debug|Any CPU.Build.0 = Debug|Any CPU
		{CE28D999-B1D8-4312-9291-654C1C66B268}.Release|Any CPU.ActiveCfg = Release|Any CPU
		{CE28D999-B1D8-4312-9291-654C1C66B268}.Release|Any CPU.Build.0 = Release|Any CPU
		{571354D6-1A93-4B63-9C89-25E6E9734963}.Debug|Any CPU.ActiveCfg = Debug|Any CPU
		{571354D6-1A93-4B63-9C89-25E6E9734963}.Debug|Any CPU.Build.0 = Debug|Any CPU
		{571354D6-1A93-4B63-9C89-25E6E9734963}.Release|Any CPU.ActiveCfg = Release|Any CPU
		{571354D6-1A93-4B63-9C89-25E6E9734963}.Release|Any CPU.Build.0 = Release|Any CPU
	EndGlobalSection
	GlobalSection(SolutionProperties) = preSolution
		HideSolutionNode = FALSE
	EndGlobalSection
	GlobalSection(ExtensibilityGlobals) = postSolution
		SolutionGuid = {F1338975-A751-4A4D-BEE6-DFC4C083A4B7}
	EndGlobalSection
EndGlobal
